// !$*UTF8*$!
{
	archiveVersion = 1;
	classes = {
	};
	objectVersion = 50;
	objects = {

/* Begin PBXBuildFile section */
		011B9E3A26CA99D600BE0FA0 /* QuotesApp.swift in Sources */ = {isa = PBXBuildFile; fileRef = 011B9E3926CA99D600BE0FA0 /* QuotesApp.swift */; };
		011B9E3C26CA99D600BE0FA0 /* card.swift in Sources */ = {isa = PBXBuildFile; fileRef = 011B9E3B26CA99D600BE0FA0 /* card.swift */; };
		011B9E3E26CA99D700BE0FA0 /* Assets.xcassets in Resources */ = {isa = PBXBuildFile; fileRef = 011B9E3D26CA99D700BE0FA0 /* Assets.xcassets */; };
		011B9E4126CA99D700BE0FA0 /* Preview Assets.xcassets in Resources */ = {isa = PBXBuildFile; fileRef = 011B9E4026CA99D700BE0FA0 /* Preview Assets.xcassets */; };
		011B9E4D26CA9A5900BE0FA0 /* data.json in Resources */ = {isa = PBXBuildFile; fileRef = 011B9E4C26CA9A5900BE0FA0 /* data.json */; };
		01F0865B26CAFCDD0024D900 /* Author.swift in Sources */ = {isa = PBXBuildFile; fileRef = 01F0865A26CAFCDD0024D900 /* Author.swift */; };
		01F0865D26CAFD5B0024D900 /* AuthorModel.swift in Sources */ = {isa = PBXBuildFile; fileRef = 01F0865C26CAFD5B0024D900 /* AuthorModel.swift */; };
		01F0865F26CC46C90024D900 /* contentview.swift in Sources */ = {isa = PBXBuildFile; fileRef = 01F0865E26CC46C90024D900 /* contentview.swift */; };
/* End PBXBuildFile section */

/* Begin PBXFileReference section */
		011B9E3626CA99D600BE0FA0 /* Quotes.app */ = {isa = PBXFileReference; explicitFileType = wrapper.application; includeInIndex = 0; path = Quotes.app; sourceTree = BUILT_PRODUCTS_DIR; };
		011B9E3926CA99D600BE0FA0 /* QuotesApp.swift */ = {isa = PBXFileReference; lastKnownFileType = sourcecode.swift; path = QuotesApp.swift; sourceTree = "<group>"; };
		011B9E3B26CA99D600BE0FA0 /* card.swift */ = {isa = PBXFileReference; lastKnownFileType = sourcecode.swift; path = card.swift; sourceTree = "<group>"; };
		011B9E3D26CA99D700BE0FA0 /* Assets.xcassets */ = {isa = PBXFileReference; lastKnownFileType = folder.assetcatalog; path = Assets.xcassets; sourceTree = "<group>"; };
		011B9E4026CA99D700BE0FA0 /* Preview Assets.xcassets */ = {isa = PBXFileReference; lastKnownFileType = folder.assetcatalog; path = "Preview Assets.xcassets"; sourceTree = "<group>"; };
		011B9E4226CA99D700BE0FA0 /* Info.plist */ = {isa = PBXFileReference; lastKnownFileType = text.plist.xml; path = Info.plist; sourceTree = "<group>"; };
		011B9E4C26CA9A5900BE0FA0 /* data.json */ = {isa = PBXFileReference; lastKnownFileType = text.json; path = data.json; sourceTree = "<group>"; };
		01F0865A26CAFCDD0024D900 /* Author.swift */ = {isa = PBXFileReference; lastKnownFileType = sourcecode.swift; path = Author.swift; sourceTree = "<group>"; };
		01F0865C26CAFD5B0024D900 /* AuthorModel.swift */ = {isa = PBXFileReference; lastKnownFileType = sourcecode.swift; path = AuthorModel.swift; sourceTree = "<group>"; };
		01F0865E26CC46C90024D900 /* contentview.swift */ = {isa = PBXFileReference; lastKnownFileType = sourcecode.swift; path = contentview.swift; sourceTree = "<group>"; };
/* End PBXFileReference section */

/* Begin PBXFrameworksBuildPhase section */
		011B9E3326CA99D600BE0FA0 /* Frameworks */ = {
			isa = PBXFrameworksBuildPhase;
			buildActionMask = 2147483647;
			files = (
			);
			runOnlyForDeploymentPostprocessing = 0;
		};
/* End PBXFrameworksBuildPhase section */

/* Begin PBXGroup section */
		011B9E2D26CA99D600BE0FA0 = {
			isa = PBXGroup;
			children = (
				011B9E3826CA99D600BE0FA0 /* Quotes */,
				011B9E3726CA99D600BE0FA0 /* Products */,
			);
			sourceTree = "<group>";
		};
		011B9E3726CA99D600BE0FA0 /* Products */ = {
			isa = PBXGroup;
			children = (
				011B9E3626CA99D600BE0FA0 /* Quotes.app */,
			);
			name = Products;
			sourceTree = "<group>";
		};
		011B9E3826CA99D600BE0FA0 /* Quotes */ = {
			isa = PBXGroup;
			children = (
				011B9E3926CA99D600BE0FA0 /* QuotesApp.swift */,
				011B9E4A26CA99F600BE0FA0 /* Views */,
				011B9E4926CA99E900BE0FA0 /* ViewModels */,
				011B9E4826CA99DF00BE0FA0 /* Models */,
				011B9E4B26CA9A3100BE0FA0 /* data */,
				011B9E3D26CA99D700BE0FA0 /* Assets.xcassets */,
				011B9E4226CA99D700BE0FA0 /* Info.plist */,
				011B9E3F26CA99D700BE0FA0 /* Preview Content */,
			);
			path = Quotes;
			sourceTree = "<group>";
		};
		011B9E3F26CA99D700BE0FA0 /* Preview Content */ = {
			isa = PBXGroup;
			children = (
				011B9E4026CA99D700BE0FA0 /* Preview Assets.xcassets */,
			);
			path = "Preview Content";
			sourceTree = "<group>";
		};
		011B9E4826CA99DF00BE0FA0 /* Models */ = {
			isa = PBXGroup;
			children = (
				01F0865A26CAFCDD0024D900 /* Author.swift */,
			);
			path = Models;
			sourceTree = "<group>";
		};
		011B9E4926CA99E900BE0FA0 /* ViewModels */ = {
			isa = PBXGroup;
			children = (
				01F0865C26CAFD5B0024D900 /* AuthorModel.swift */,
			);
			path = ViewModels;
			sourceTree = "<group>";
		};
		011B9E4A26CA99F600BE0FA0 /* Views */ = {
			isa = PBXGroup;
			children = (
				011B9E3B26CA99D600BE0FA0 /* card.swift */,
				01F0865E26CC46C90024D900 /* contentview.swift */,
			);
			path = Views;
			sourceTree = "<group>";
		};
		011B9E4B26CA9A3100BE0FA0 /* data */ = {
			isa = PBXGroup;
			children = (
				011B9E4C26CA9A5900BE0FA0 /* data.json */,
			);
			path = data;
			sourceTree = "<group>";
		};
/* End PBXGroup section */

/* Begin PBXNativeTarget section */
		011B9E3526CA99D600BE0FA0 /* Quotes */ = {
			isa = PBXNativeTarget;
			buildConfigurationList = 011B9E4526CA99D700BE0FA0 /* Build configuration list for PBXNativeTarget "Quotes" */;
			buildPhases = (
				011B9E3226CA99D600BE0FA0 /* Sources */,
				011B9E3326CA99D600BE0FA0 /* Frameworks */,
				011B9E3426CA99D600BE0FA0 /* Resources */,
			);
			buildRules = (
			);
			dependencies = (
			);
			name = Quotes;
			productName = Quotes;
			productReference = 011B9E3626CA99D600BE0FA0 /* Quotes.app */;
			productType = "com.apple.product-type.application";
		};
/* End PBXNativeTarget section */

/* Begin PBXProject section */
		011B9E2E26CA99D600BE0FA0 /* Project object */ = {
			isa = PBXProject;
			attributes = {
				LastSwiftUpdateCheck = 1250;
				LastUpgradeCheck = 1250;
				TargetAttributes = {
					011B9E3526CA99D600BE0FA0 = {
						CreatedOnToolsVersion = 12.5.1;
					};
				};
			};
			buildConfigurationList = 011B9E3126CA99D600BE0FA0 /* Build configuration list for PBXProject "Quotes" */;
			compatibilityVersion = "Xcode 9.3";
			developmentRegion = en;
			hasScannedForEncodings = 0;
			knownRegions = (
				en,
				Base,
			);
			mainGroup = 011B9E2D26CA99D600BE0FA0;
			productRefGroup = 011B9E3726CA99D600BE0FA0 /* Products */;
			projectDirPath = "";
			projectRoot = "";
			targets = (
				011B9E3526CA99D600BE0FA0 /* Quotes */,
			);
		};
/* End PBXProject section */

/* Begin PBXResourcesBuildPhase section */
		011B9E3426CA99D600BE0FA0 /* Resources */ = {
			isa = PBXResourcesBuildPhase;
			buildActionMask = 2147483647;
			files = (
				011B9E4126CA99D700BE0FA0 /* Preview Assets.xcassets in Resources */,
				011B9E4D26CA9A5900BE0FA0 /* data.json in Resources */,
				011B9E3E26CA99D700BE0FA0 /* Assets.xcassets in Resources */,
			);
			runOnlyForDeploymentPostprocessing = 0;
		};
/* End PBXResourcesBuildPhase section */

/* Begin PBXSourcesBuildPhase section */
		011B9E3226CA99D600BE0FA0 /* Sources */ = {
			isa = PBXSourcesBuildPhase;
			buildActionMask = 2147483647;
			files = (
				01F0865D26CAFD5B0024D900 /* AuthorModel.swift in Sources */,
				01F0865B26CAFCDD0024D900 /* Author.swift in Sources */,
				011B9E3C26CA99D600BE0FA0 /* card.swift in Sources */,
				011B9E3A26CA99D600BE0FA0 /* QuotesApp.swift in Sources */,
				01F0865F26CC46C90024D900 /* contentview.swift in Sources */,
			);
			runOnlyForDeploymentPostprocessing = 0;
		};
/* End PBXSourcesBuildPhase section */

/* Begin XCBuildConfiguration section */
		011B9E4326CA99D700BE0FA0 /* Debug */ = {
			isa = XCBuildConfiguration;
			buildSettings = {
				ALWAYS_SEARCH_USER_PATHS = NO;
				CLANG_ANALYZER_NONNULL = YES;
				CLANG_ANALYZER_NUMBER_OBJECT_CONVERSION = YES_AGGRESSIVE;
				CLANG_CXX_LANGUAGE_STANDARD = "gnu++14";
				CLANG_CXX_LIBRARY = "libc++";
				CLANG_ENABLE_MODULES = YES;
				CLANG_ENABLE_OBJC_ARC = YES;
				CLANG_ENABLE_OBJC_WEAK = YES;
				CLANG_WARN_BLOCK_CAPTURE_AUTORELEASING = YES;
				CLANG_WARN_BOOL_CONVERSION = YES;
				CLANG_WARN_COMMA = YES;
				CLANG_WARN_CONSTANT_CONVERSION = YES;
				CLANG_WARN_DEPRECATED_OBJC_IMPLEMENTATIONS = YES;
				CLANG_WARN_DIRECT_OBJC_ISA_USAGE = YES_ERROR;
				CLANG_WARN_DOCUMENTATION_COMMENTS = YES;
				CLANG_WARN_EMPTY_BODY = YES;
				CLANG_WARN_ENUM_CONVERSION = YES;
				CLANG_WARN_INFINITE_RECURSION = YES;
				CLANG_WARN_INT_CONVERSION = YES;
				CLANG_WARN_NON_LITERAL_NULL_CONVERSION = YES;
				CLANG_WARN_OBJC_IMPLICIT_RETAIN_SELF = YES;
				CLANG_WARN_OBJC_LITERAL_CONVERSION = YES;
				CLANG_WARN_OBJC_ROOT_CLASS = YES_ERROR;
				CLANG_WARN_QUOTED_INCLUDE_IN_FRAMEWORK_HEADER = YES;
				CLANG_WARN_RANGE_LOOP_ANALYSIS = YES;
				CLANG_WARN_STRICT_PROTOTYPES = YES;
				CLANG_WARN_SUSPICIOUS_MOVE = YES;
				CLANG_WARN_UNGUARDED_AVAILABILITY = YES_AGGRESSIVE;
				CLANG_WARN_UNREACHABLE_CODE = YES;
				CLANG_WARN__DUPLICATE_METHOD_MATCH = YES;
				COPY_PHASE_STRIP = NO;
				DEBUG_INFORMATION_FORMAT = dwarf;
				ENABLE_STRICT_OBJC_MSGSEND = YES;
				ENABLE_TESTABILITY = YES;
				GCC_C_LANGUAGE_STANDARD = gnu11;
				GCC_DYNAMIC_NO_PIC = NO;
				GCC_NO_COMMON_BLOCKS = YES;
				GCC_OPTIMIZATION_LEVEL = 0;
				GCC_PREPROCESSOR_DEFINITIONS = (
					"DEBUG=1",
					"$(inherited)",
				);
				GCC_WARN_64_TO_32_BIT_CONVERSION = YES;
				GCC_WARN_ABOUT_RETURN_TYPE = YES_ERROR;
				GCC_WARN_UNDECLARED_SELECTOR = YES;
				GCC_WARN_UNINITIALIZED_AUTOS = YES_AGGRESSIVE;
				GCC_WARN_UNUSED_FUNCTION = YES;
				GCC_WARN_UNUSED_VARIABLE = YES;
				IPHONEOS_DEPLOYMENT_TARGET = 14.5;
				MTL_ENABLE_DEBUG_INFO = INCLUDE_SOURCE;
				MTL_FAST_MATH = YES;
				ONLY_ACTIVE_ARCH = YES;
				SDKROOT = iphoneos;
				SWIFT_ACTIVE_COMPILATION_CONDITIONS = DEBUG;
				SWIFT_OPTIMIZATION_LEVEL = "-Onone";
			};
			name = Debug;
		};
		011B9E4426CA99D700BE0FA0 /* Release */ = {
			isa = XCBuildConfiguration;
			buildSettings = {
				ALWAYS_SEARCH_USER_PATHS = NO;
				CLANG_ANALYZER_NONNULL = YES;
				CLANG_ANALYZER_NUMBER_OBJECT_CONVERSION = YES_AGGRESSIVE;
				CLANG_CXX_LANGUAGE_STANDARD = "gnu++14";
				CLANG_CXX_LIBRARY = "libc++";
				CLANG_ENABLE_MODULES = YES;
				CLANG_ENABLE_OBJC_ARC = YES;
				CLANG_ENABLE_OBJC_WEAK = YES;
				CLANG_WARN_BLOCK_CAPTURE_AUTORELEASING = YES;
				CLANG_WARN_BOOL_CONVERSION = YES;
				CLANG_WARN_COMMA = YES;
				CLANG_WARN_CONSTANT_CONVERSION = YES;
				CLANG_WARN_DEPRECATED_OBJC_IMPLEMENTATIONS = YES;
				CLANG_WARN_DIRECT_OBJC_ISA_USAGE = YES_ERROR;
				CLANG_WARN_DOCUMENTATION_COMMENTS = YES;
				CLANG_WARN_EMPTY_BODY = YES;
				CLANG_WARN_ENUM_CONVERSION = YES;
				CLANG_WARN_INFINITE_RECURSION = YES;
				CLANG_WARN_INT_CONVERSION = YES;
				CLANG_WARN_NON_LITERAL_NULL_CONVERSION = YES;
				CLANG_WARN_OBJC_IMPLICIT_RETAIN_SELF = YES;
				CLANG_WARN_OBJC_LITERAL_CONVERSION = YES;
				CLANG_WARN_OBJC_ROOT_CLASS = YES_ERROR;
				CLANG_WARN_QUOTED_INCLUDE_IN_FRAMEWORK_HEADER = YES;
				CLANG_WARN_RANGE_LOOP_ANALYSIS = YES;
				CLANG_WARN_STRICT_PROTOTYPES = YES;
				CLANG_WARN_SUSPICIOUS_MOVE = YES;
				CLANG_WARN_UNGUARDED_AVAILABILITY = YES_AGGRESSIVE;
				CLANG_WARN_UNREACHABLE_CODE = YES;
				CLANG_WARN__DUPLICATE_METHOD_MATCH = YES;
				COPY_PHASE_STRIP = NO;
				DEBUG_INFORMATION_FORMAT = "dwarf-with-dsym";
				ENABLE_NS_ASSERTIONS = NO;
				ENABLE_STRICT_OBJC_MSGSEND = YES;
				GCC_C_LANGUAGE_STANDARD = gnu11;
				GCC_NO_COMMON_BLOCKS = YES;
				GCC_WARN_64_TO_32_BIT_CONVERSION = YES;
				GCC_WARN_ABOUT_RETURN_TYPE = YES_ERROR;
				GCC_WARN_UNDECLARED_SELECTOR = YES;
				GCC_WARN_UNINITIALIZED_AUTOS = YES_AGGRESSIVE;
				GCC_WARN_UNUSED_FUNCTION = YES;
				GCC_WARN_UNUSED_VARIABLE = YES;
				IPHONEOS_DEPLOYMENT_TARGET = 14.5;
				MTL_ENABLE_DEBUG_INFO = NO;
				MTL_FAST_MATH = YES;
				SDKROOT = iphoneos;
				SWIFT_COMPILATION_MODE = wholemodule;
				SWIFT_OPTIMIZATION_LEVEL = "-O";
				VALIDATE_PRODUCT = YES;
			};
			name = Release;
		};
		011B9E4626CA99D700BE0FA0 /* Debug */ = {
			isa = XCBuildConfiguration;
			buildSettings = {
				ASSETCATALOG_COMPILER_APPICON_NAME = AppIcon;
				ASSETCATALOG_COMPILER_GLOBAL_ACCENT_COLOR_NAME = AccentColor;
				CODE_SIGN_STYLE = Automatic;
				DEVELOPMENT_ASSET_PATHS = "\"Quotes/Preview Content\"";
				DEVELOPMENT_TEAM = GATAXY3487;
				ENABLE_PREVIEWS = YES;
				INFOPLIST_FILE = Quotes/Info.plist;
				IPHONEOS_DEPLOYMENT_TARGET = 14.0;
				LD_RUNPATH_SEARCH_PATHS = (
					"$(inherited)",
					"@executable_path/Frameworks",
				);
				PRODUCT_BUNDLE_IDENTIFIER = com.codewithjay.Quotes;
				PRODUCT_NAME = "$(TARGET_NAME)";
				SWIFT_VERSION = 5.0;
				TARGETED_DEVICE_FAMILY = "1,2";
			};
			name = Debug;
		};
		011B9E4726CA99D700BE0FA0 /* Release */ = {
			isa = XCBuildConfiguration;
			buildSettings = {
				ASSETCATALOG_COMPILER_APPICON_NAME = AppIcon;
				ASSETCATALOG_COMPILER_GLOBAL_ACCENT_COLOR_NAME = AccentColor;
				CODE_SIGN_STYLE = Automatic;
				DEVELOPMENT_ASSET_PATHS = "\"Quotes/Preview Content\"";
				DEVELOPMENT_TEAM = GATAXY3487;
				ENABLE_PREVIEWS = YES;
				INFOPLIST_FILE = Quotes/Info.plist;
				IPHONEOS_DEPLOYMENT_TARGET = 14.0;
				LD_RUNPATH_SEARCH_PATHS = (
					"$(inherited)",
					"@executable_path/Frameworks",
				);
				PRODUCT_BUNDLE_IDENTIFIER = com.codewithjay.Quotes;
				PRODUCT_NAME = "$(TARGET_NAME)";
				SWIFT_VERSION = 5.0;
				TARGETED_DEVICE_FAMILY = "1,2";
			};
			name = Release;
		};
/* End XCBuildConfiguration section */

/* Begin XCConfigurationList section */
		011B9E3126CA99D600BE0FA0 /* Build configuration list for PBXProject "Quotes" */ = {
			isa = XCConfigurationList;
			buildConfigurations = (
				011B9E4326CA99D700BE0FA0 /* Debug */,
				011B9E4426CA99D700BE0FA0 /* Release */,
			);
			defaultConfigurationIsVisible = 0;
			defaultConfigurationName = Release;
		};
		011B9E4526CA99D700BE0FA0 /* Build configuration list for PBXNativeTarget "Quotes" */ = {
			isa = XCConfigurationList;
			buildConfigurations = (
				011B9E4626CA99D700BE0FA0 /* Debug */,
				011B9E4726CA99D700BE0FA0 /* Release */,
			);
			defaultConfigurationIsVisible = 0;
			defaultConfigurationName = Release;
		};
/* End XCConfigurationList section */
	};
	rootObject = 011B9E2E26CA99D600BE0FA0 /* Project object */;
}
